{
  "name": "universus-frontend",
  "lockfileVersion": 3,
  "requires": true,
  "packages": {
    "": {
      "name": "universus-frontend",
      "version": "1.0.0",
      "devDependencies": {
        "@types/node": "^20.11.30",
        "eslint": "^9.6.0",
        "prettier": "^3.2.5",
        "rimraf": "^5.0.5"
      }
    }
  }
}
